// !$*UTF8*$!
{
	archiveVersion = 1;
	classes = {
	};
	objectVersion = 46;
	objects = {

/* Begin PBXBuildFile section */
		F9A8F9501F04C5B000CE6792 /* AppDelegate.swift in Sources */ = {isa = PBXBuildFile; fileRef = F9A8F94F1F04C5B000CE6792 /* AppDelegate.swift */; };
		F9A8F9521F04C5B000CE6792 /* ViewController.swift in Sources */ = {isa = PBXBuildFile; fileRef = F9A8F9511F04C5B000CE6792 /* ViewController.swift */; };
		F9A8F9551F04C5B000CE6792 /* Main.storyboard in Resources */ = {isa = PBXBuildFile; fileRef = F9A8F9531F04C5B000CE6792 /* Main.storyboard */; };
		F9A8F9571F04C5B000CE6792 /* Assets.xcassets in Resources */ = {isa = PBXBuildFile; fileRef = F9A8F9561F04C5B000CE6792 /* Assets.xcassets */; };
		F9A8F95A1F04C5B000CE6792 /* LaunchScreen.storyboard in Resources */ = {isa = PBXBuildFile; fileRef = F9A8F9581F04C5B000CE6792 /* LaunchScreen.storyboard */; };
		F9A8F9671F04C74300CE6792 /* HMScrollNavigationBar.framework in Frameworks */ = {isa = PBXBuildFile; fileRef = F9A8F9661F04C5D800CE6792 /* HMScrollNavigationBar.framework */; };
		F9BC0F861F066501005BD48B /* HMScrollNavigationBar.framework in CopyFiles */ = {isa = PBXBuildFile; fileRef = F9A8F9661F04C5D800CE6792 /* HMScrollNavigationBar.framework */; settings = {ATTRIBUTES = (CodeSignOnCopy, RemoveHeadersOnCopy, ); }; };
/* End PBXBuildFile section */

/* Begin PBXContainerItemProxy section */
		F9A8F9651F04C5D800CE6792 /* PBXContainerItemProxy */ = {
			isa = PBXContainerItemProxy;
			containerPortal = F9A8F9611F04C5D800CE6792 /* HMScrollNavigationBar.xcodeproj */;
			proxyType = 2;
			remoteGlobalIDString = F9F7838A1E794768008EB45B;
			remoteInfo = HMScrollNavigationBar;
		};
/* End PBXContainerItemProxy section */

/* Begin PBXCopyFilesBuildPhase section */
		F9BC0F851F0664EF005BD48B /* CopyFiles */ = {
			isa = PBXCopyFilesBuildPhase;
			buildActionMask = 2147483647;
			dstPath = "";
			dstSubfolderSpec = 10;
			files = (
				F9BC0F861F066501005BD48B /* HMScrollNavigationBar.framework in CopyFiles */,
			);
			runOnlyForDeploymentPostprocessing = 0;
		};
/* End PBXCopyFilesBuildPhase section */

/* Begin PBXFileReference section */
		F9A8F94C1F04C5B000CE6792 /* Example.app */ = {isa = PBXFileReference; explicitFileType = wrapper.application; includeInIndex = 0; path = Example.app; sourceTree = BUILT_PRODUCTS_DIR; };
		F9A8F94F1F04C5B000CE6792 /* AppDelegate.swift */ = {isa = PBXFileReference; lastKnownFileType = sourcecode.swift; path = AppDelegate.swift; sourceTree = "<group>"; };
		F9A8F9511F04C5B000CE6792 /* ViewController.swift */ = {isa = PBXFileReference; lastKnownFileType = sourcecode.swift; path = ViewController.swift; sourceTree = "<group>"; };
		F9A8F9541F04C5B000CE6792 /* Base */ = {isa = PBXFileReference; lastKnownFileType = file.storyboard; name = Base; path = Base.lproj/Main.storyboard; sourceTree = "<group>"; };
		F9A8F9561F04C5B000CE6792 /* Assets.xcassets */ = {isa = PBXFileReference; lastKnownFileType = folder.assetcatalog; path = Assets.xcassets; sourceTree = "<group>"; };
		F9A8F9591F04C5B000CE6792 /* Base */ = {isa = PBXFileReference; lastKnownFileType = file.storyboard; name = Base; path = Base.lproj/LaunchScreen.storyboard; sourceTree = "<group>"; };
		F9A8F95B1F04C5B000CE6792 /* Info.plist */ = {isa = PBXFileReference; lastKnownFileType = text.plist.xml; path = Info.plist; sourceTree = "<group>"; };
		F9A8F9611F04C5D800CE6792 /* HMScrollNavigationBar.xcodeproj */ = {isa = PBXFileReference; lastKnownFileType = "wrapper.pb-project"; name = HMScrollNavigationBar.xcodeproj; path = ../HMScrollNavigationBar.xcodeproj; sourceTree = "<group>"; };
/* End PBXFileReference section */

/* Begin PBXFrameworksBuildPhase section */
		F9A8F9491F04C5B000CE6792 /* Frameworks */ = {
			isa = PBXFrameworksBuildPhase;
			buildActionMask = 2147483647;
			files = (
				F9A8F9671F04C74300CE6792 /* HMScrollNavigationBar.framework in Frameworks */,
			);
			runOnlyForDeploymentPostprocessing = 0;
		};
/* End PBXFrameworksBuildPhase section */

/* Begin PBXGroup section */
		F9A8F9431F04C5B000CE6792 = {
			isa = PBXGroup;
			children = (
				F9A8F94E1F04C5B000CE6792 /* Example */,
				F9A8F94D1F04C5B000CE6792 /* Products */,
				F9A8F9611F04C5D800CE6792 /* HMScrollNavigationBar.xcodeproj */,
			);
			sourceTree = "<group>";
		};
		F9A8F94D1F04C5B000CE6792 /* Products */ = {
			isa = PBXGroup;
			children = (
				F9A8F94C1F04C5B000CE6792 /* Example.app */,
			);
			name = Products;
			sourceTree = "<group>";
		};
		F9A8F94E1F04C5B000CE6792 /* Example */ = {
			isa = PBXGroup;
			children = (
				F9A8F94F1F04C5B000CE6792 /* AppDelegate.swift */,
				F9A8F9511F04C5B000CE6792 /* ViewController.swift */,
				F9A8F9531F04C5B000CE6792 /* Main.storyboard */,
				F9A8F9561F04C5B000CE6792 /* Assets.xcassets */,
				F9A8F9581F04C5B000CE6792 /* LaunchScreen.storyboard */,
				F9A8F95B1F04C5B000CE6792 /* Info.plist */,
			);
			path = Example;
			sourceTree = "<group>";
		};
		F9A8F9621F04C5D800CE6792 /* Products */ = {
			isa = PBXGroup;
			children = (
				F9A8F9661F04C5D800CE6792 /* HMScrollNavigationBar.framework */,
			);
			name = Products;
			sourceTree = "<group>";
		};
/* End PBXGroup section */

/* Begin PBXNativeTarget section */
		F9A8F94B1F04C5B000CE6792 /* Example */ = {
			isa = PBXNativeTarget;
			buildConfigurationList = F9A8F95E1F04C5B000CE6792 /* Build configuration list for PBXNativeTarget "Example" */;
			buildPhases = (
				F9A8F9481F04C5B000CE6792 /* Sources */,
				F9A8F9491F04C5B000CE6792 /* Frameworks */,
				F9A8F94A1F04C5B000CE6792 /* Resources */,
				F9BC0F851F0664EF005BD48B /* CopyFiles */,
			);
			buildRules = (
			);
			dependencies = (
			);
			name = Example;
			productName = Example;
			productReference = F9A8F94C1F04C5B000CE6792 /* Example.app */;
			productType = "com.apple.product-type.application";
		};
/* End PBXNativeTarget section */

/* Begin PBXProject section */
		F9A8F9441F04C5B000CE6792 /* Project object */ = {
			isa = PBXProject;
			attributes = {
				LastSwiftUpdateCheck = 0830;
				LastUpgradeCheck = 0830;
				ORGANIZATIONNAME = "Handcrafted Mobile Sp. z o.o.";
				TargetAttributes = {
					F9A8F94B1F04C5B000CE6792 = {
						CreatedOnToolsVersion = 8.3.2;
						DevelopmentTeam = E8K9RXC4H6;
						ProvisioningStyle = Manual;
					};
				};
			};
			buildConfigurationList = F9A8F9471F04C5B000CE6792 /* Build configuration list for PBXProject "Example" */;
			compatibilityVersion = "Xcode 3.2";
			developmentRegion = English;
			hasScannedForEncodings = 0;
			knownRegions = (
				en,
				Base,
			);
			mainGroup = F9A8F9431F04C5B000CE6792;
			productRefGroup = F9A8F94D1F04C5B000CE6792 /* Products */;
			projectDirPath = "";
			projectReferences = (
				{
					ProductGroup = F9A8F9621F04C5D800CE6792 /* Products */;
					ProjectRef = F9A8F9611F04C5D800CE6792 /* HMScrollNavigationBar.xcodeproj */;
				},
			);
			projectRoot = "";
			targets = (
				F9A8F94B1F04C5B000CE6792 /* Example */,
			);
		};
/* End PBXProject section */

/* Begin PBXReferenceProxy section */
		F9A8F9661F04C5D800CE6792 /* HMScrollNavigationBar.framework */ = {
			isa = PBXReferenceProxy;
			fileType = wrapper.framework;
			path = HMScrollNavigationBar.framework;
			remoteRef = F9A8F9651F04C5D800CE6792 /* PBXContainerItemProxy */;
			sourceTree = BUILT_PRODUCTS_DIR;
		};
/* End PBXReferenceProxy section */

/* Begin PBXResourcesBuildPhase section */
		F9A8F94A1F04C5B000CE6792 /* Resources */ = {
			isa = PBXResourcesBuildPhase;
			buildActionMask = 2147483647;
			files = (
				F9A8F95A1F04C5B000CE6792 /* LaunchScreen.storyboard in Resources */,
				F9A8F9571F04C5B000CE6792 /* Assets.xcassets in Resources */,
				F9A8F9551F04C5B000CE6792 /* Main.storyboard in Resources */,
			);
			runOnlyForDeploymentPostprocessing = 0;
		};
/* End PBXResourcesBuildPhase section */

/* Begin PBXSourcesBuildPhase section */
		F9A8F9481F04C5B000CE6792 /* Sources */ = {
			isa = PBXSourcesBuildPhase;
			buildActionMask = 2147483647;
			files = (
				F9A8F9521F04C5B000CE6792 /* ViewController.swift in Sources */,
				F9A8F9501F04C5B000CE6792 /* AppDelegate.swift in Sources */,
			);
			runOnlyForDeploymentPostprocessing = 0;
		};
/* End PBXSourcesBuildPhase section */

/* Begin PBXVariantGroup section */
		F9A8F9531F04C5B000CE6792 /* Main.storyboard */ = {
			isa = PBXVariantGroup;
			children = (
				F9A8F9541F04C5B000CE6792 /* Base */,
			);
			name = Main.storyboard;
			sourceTree = "<group>";
		};
		F9A8F9581F04C5B000CE6792 /* LaunchScreen.storyboard */ = {
			isa = PBXVariantGroup;
			children = (
				F9A8F9591F04C5B000CE6792 /* Base */,
			);
			name = LaunchScreen.storyboard;
			sourceTree = "<group>";
		};
/* End PBXVariantGroup section */

/* Begin XCBuildConfiguration section */
		F9A8F95C1F04C5B000CE6792 /* Debug */ = {
			isa = XCBuildConfiguration;
			buildSettings = {
				ALWAYS_SEARCH_USER_PATHS = NO;
				CLANG_ANALYZER_NONNULL = YES;
				CLANG_ANALYZER_NUMBER_OBJECT_CONVERSION = YES_AGGRESSIVE;
				CLANG_CXX_LANGUAGE_STANDARD = "gnu++0x";
				CLANG_CXX_LIBRARY = "libc++";
				CLANG_ENABLE_MODULES = YES;
				CLANG_ENABLE_OBJC_ARC = YES;
				CLANG_WARN_BOOL_CONVERSION = YES;
				CLANG_WARN_CONSTANT_CONVERSION = YES;
				CLANG_WARN_DIRECT_OBJC_ISA_USAGE = YES_ERROR;
				CLANG_WARN_DOCUMENTATION_COMMENTS = YES;
				CLANG_WARN_EMPTY_BODY = YES;
				CLANG_WARN_ENUM_CONVERSION = YES;
				CLANG_WARN_INFINITE_RECURSION = YES;
				CLANG_WARN_INT_CONVERSION = YES;
				CLANG_WARN_OBJC_ROOT_CLASS = YES_ERROR;
				CLANG_WARN_SUSPICIOUS_MOVE = YES;
				CLANG_WARN_UNREACHABLE_CODE = YES;
				CLANG_WARN__DUPLICATE_METHOD_MATCH = YES;
				"CODE_SIGN_IDENTITY[sdk=iphoneos*]" = "iPhone Developer";
				COPY_PHASE_STRIP = NO;
				DEBUG_INFORMATION_FORMAT = dwarf;
				ENABLE_STRICT_OBJC_MSGSEND = YES;
				ENABLE_TESTABILITY = YES;
				GCC_C_LANGUAGE_STANDARD = gnu99;
				GCC_DYNAMIC_NO_PIC = NO;
				GCC_NO_COMMON_BLOCKS = YES;
				GCC_OPTIMIZATION_LEVEL = 0;
				GCC_PREPROCESSOR_DEFINITIONS = (
					"DEBUG=1",
					"$(inherited)",
				);
				GCC_WARN_64_TO_32_BIT_CONVERSION = YES;
				GCC_WARN_ABOUT_RETURN_TYPE = YES_ERROR;
				GCC_WARN_UNDECLARED_SELECTOR = YES;
				GCC_WARN_UNINITIALIZED_AUTOS = YES_AGGRESSIVE;
				GCC_WARN_UNUSED_FUNCTION = YES;
				GCC_WARN_UNUSED_VARIABLE = YES;
				IPHONEOS_DEPLOYMENT_TARGET = 10.3;
				MTL_ENABLE_DEBUG_INFO = YES;
				ONLY_ACTIVE_ARCH = YES;
				SDKROOT = iphoneos;
				SWIFT_ACTIVE_COMPILATION_CONDITIONS = DEBUG;
				SWIFT_OPTIMIZATION_LEVEL = "-Onone";
			};
			name = Debug;
		};
		F9A8F95D1F04C5B000CE6792 /* Release */ = {
			isa = XCBuildConfiguration;
			buildSettings = {
				ALWAYS_SEARCH_USER_PATHS = NO;
				CLANG_ANALYZER_NONNULL = YES;
				CLANG_ANALYZER_NUMBER_OBJECT_CONVERSION = YES_AGGRESSIVE;
				CLANG_CXX_LANGUAGE_STANDARD = "gnu++0x";
				CLANG_CXX_LIBRARY = "libc++";
				CLANG_ENABLE_MODULES = YES;
				CLANG_ENABLE_OBJC_ARC = YES;
				CLANG_WARN_BOOL_CONVERSION = YES;
				CLANG_WARN_CONSTANT_CONVERSION = YES;
				CLANG_WARN_DIRECT_OBJC_ISA_USAGE = YES_ERROR;
				CLANG_WARN_DOCUMENTATION_COMMENTS = YES;
				CLANG_WARN_EMPTY_BODY = YES;
				CLANG_WARN_ENUM_CONVERSION = YES;
				CLANG_WARN_INFINITE_RECURSION = YES;
				CLANG_WARN_INT_CONVERSION = YES;
				CLANG_WARN_OBJC_ROOT_CLASS = YES_ERROR;
				CLANG_WARN_SUSPICIOUS_MOVE = YES;
				CLANG_WARN_UNREACHABLE_CODE = YES;
				CLANG_WARN__DUPLICATE_METHOD_MATCH = YES;
				"CODE_SIGN_IDENTITY[sdk=iphoneos*]" = "iPhone Developer";
				COPY_PHASE_STRIP = NO;
				DEBUG_INFORMATION_FORMAT = "dwarf-with-dsym";
				ENABLE_NS_ASSERTIONS = NO;
				ENABLE_STRICT_OBJC_MSGSEND = YES;
				GCC_C_LANGUAGE_STANDARD = gnu99;
				GCC_NO_COMMON_BLOCKS = YES;
				GCC_WARN_64_TO_32_BIT_CONVERSION = YES;
				GCC_WARN_ABOUT_RETURN_TYPE = YES_ERROR;
				GCC_WARN_UNDECLARED_SELECTOR = YES;
				GCC_WARN_UNINITIALIZED_AUTOS = YES_AGGRESSIVE;
				GCC_WARN_UNUSED_FUNCTION = YES;
				GCC_WARN_UNUSED_VARIABLE = YES;
				IPHONEOS_DEPLOYMENT_TARGET = 10.3;
				MTL_ENABLE_DEBUG_INFO = NO;
				SDKROOT = iphoneos;
				SWIFT_OPTIMIZATION_LEVEL = "-Owholemodule";
				VALIDATE_PRODUCT = YES;
			};
			name = Release;
		};
		F9A8F95F1F04C5B000CE6792 /* Debug */ = {
			isa = XCBuildConfiguration;
			buildSettings = {
				ASSETCATALOG_COMPILER_APPICON_NAME = AppIcon;
				DEVELOPMENT_TEAM = E8K9RXC4H6;
				INFOPLIST_FILE = Example/Info.plist;
				LD_RUNPATH_SEARCH_PATHS = "$(inherited) @executable_path/Frameworks";
				PRODUCT_BUNDLE_IDENTIFIER = com.hmscrollnavigationbar.Example;
				PRODUCT_NAME = "$(TARGET_NAME)";
				PROVISIONING_PROFILE = "5d43795f-d00c-4733-92ef-0d5b061cc33c";
				PROVISIONING_PROFILE_SPECIFIER = "CF Development Profile For Any Aplication";
				SWIFT_VERSION = 3.0;
			};
			name = Debug;
		};
		F9A8F9601F04C5B000CE6792 /* Release */ = {
			isa = XCBuildConfiguration;
			buildSettings = {
				ASSETCATALOG_COMPILER_APPICON_NAME = AppIcon;
				DEVELOPMENT_TEAM = "";
				INFOPLIST_FILE = Example/Info.plist;
				LD_RUNPATH_SEARCH_PATHS = "$(inherited) @executable_path/Frameworks";
				PRODUCT_BUNDLE_IDENTIFIER = com.hmscrollnavigationbar.Example;
				PRODUCT_NAME = "$(TARGET_NAME)";
				PROVISIONING_PROFILE_SPECIFIER = "";
				SWIFT_VERSION = 3.0;
			};
			name = Release;
		};
/* End XCBuildConfiguration section */

/* Begin XCConfigurationList section */
		F9A8F9471F04C5B000CE6792 /* Build configuration list for PBXProject "Example" */ = {
			isa = XCConfigurationList;
			buildConfigurations = (
				F9A8F95C1F04C5B000CE6792 /* Debug */,
				F9A8F95D1F04C5B000CE6792 /* Release */,
			);
			defaultConfigurationIsVisible = 0;
			defaultConfigurationName = Release;
		};
		F9A8F95E1F04C5B000CE6792 /* Build configuration list for PBXNativeTarget "Example" */ = {
			isa = XCConfigurationList;
			buildConfigurations = (
				F9A8F95F1F04C5B000CE6792 /* Debug */,
				F9A8F9601F04C5B000CE6792 /* Release */,
			);
			defaultConfigurationIsVisible = 0;
			defaultConfigurationName = Release;
		};
/* End XCConfigurationList section */
	};
	rootObject = F9A8F9441F04C5B000CE6792 /* Project object */;
}
